{
  "name": "@blazeo.com/appointment-client",
  "version": "1.0.5",
  "lockfileVersion": 3,
  "requires": true,
  "packages": {
    "": {
      "name": "@blazeo.com/appointment-client",
      "version": "1.0.5",
      "dependencies": {
        "@blazeo.com/calendar-client": "^1.0.18",
        "mobx": "^6.13.7",
        "mobx-state-tree": "^7.0.2"
      },
      "devDependencies": {
        "typescript": "^5.0.0"
      }
    },
    "node_modules/@blazeo.com/calendar-client": {
      "version": "1.0.18",
      "resolved": "https://registry.npmjs.org/@blazeo.com/calendar-client/-/calendar-client-1.0.18.tgz",
      "integrity": "sha512-wHqOZKUAH4JDgsdwaktEG68H5YfArOW3LEouCXznIza4YqNrlkfdJEyqiwNf6KjY2nELi+s2tFM22/1MKaWf5Q==",
      "license": "UNLICENSED",
      "dependencies": {
        "mobx": "^6.10.0",
        "mobx-state-tree": "^5.4.0"
      },
      "engines": {
        "node": ">=18"
      }
    },
    "node_modules/@blazeo.com/calendar-client/node_modules/mobx-state-tree": {
      "version": "5.4.2",
      "license": "MIT",
      "peerDependencies": {
        "mobx": "^6.3.0"
      }
    },
    "node_modules/mobx": {
      "version": "6.15.0",
      "license": "MIT",
      "funding": {
        "type": "opencollective",
        "url": "https://opencollective.com/mobx"
      }
    },
    "node_modules/mobx-state-tree": {
      "version": "7.2.0",
      "license": "MIT",
      "dependencies": {
        "ts-essentials": "^9.4.1"
      },
      "peerDependencies": {
        "mobx": "^6.3.0"
      }
    },
    "node_modules/ts-essentials": {
      "version": "9.4.2",
      "license": "MIT",
      "peerDependencies": {
        "typescript": ">=4.1.0"
      },
      "peerDependenciesMeta": {
        "typescript": {
          "optional": true
        }
      }
    },
    "node_modules/typescript": {
      "version": "5.9.3",
      "resolved": "https://registry.npmjs.org/typescript/-/typescript-5.9.3.tgz",
      "integrity": "sha512-jl1vZzPDinLr9eUt3J/t7V6FgNEw9QjvBPdysz9KfQDD41fQrC2Y4vKQdiaUpFT4bXlb1RHhLpp8wtm6M5TgSw==",
      "devOptional": true,
      "license": "Apache-2.0",
      "bin": {
        "tsc": "bin/tsc",
        "tsserver": "bin/tsserver"
      },
      "engines": {
        "node": ">=14.17"
      }
    }
  }
}
